{
  "name": "tender-review",
  "lockfileVersion": 3,
  "requires": true,
  "packages": {
    "": {
      "dependencies": {
        "@vicons/fluent": "^0.13.0",
        "@vicons/ionicons5": "^0.13.0",
        "@vicons/material": "^0.13.0"
      },
      "devDependencies": {
        "http-proxy-node16": "^1.0.6"
      }
    },
    "node_modules/@vicons/fluent": {
      "version": "0.13.0",
      "resolved": "https://registry.npmjs.org/@vicons/fluent/-/fluent-0.13.0.tgz",
      "integrity": "sha512-bYGZsOE3qzvm3Cm43e7tybgGlr5ZUpYqtRZq0g0Tfupe8jIzLolpvQLNUt1zS8Mgt6goTbUk5YH7Fkv16jkykg==",
      "license": "MIT"
    },
    "node_modules/@vicons/ionicons5": {
      "version": "0.13.0",
      "resolved": "https://registry.npmjs.org/@vicons/ionicons5/-/ionicons5-0.13.0.tgz",
      "integrity": "sha512-zvZKBPjEXKN7AXNo2Na2uy+nvuv6SP4KAMQxpKL2vfHMj0fSvuw7JZcOPCjQC3e7ayssKnaoFVAhbYcW6v41qQ==",
      "license": "MIT"
    },
    "node_modules/@vicons/material": {
      "version": "0.13.0",
      "resolved": "https://registry.npmjs.org/@vicons/material/-/material-0.13.0.tgz",
      "integrity": "sha512-lKVxFNprM+CaBkUH3gt6VjIeiMsKQl2zARQMwTCZruQl2vRHzyeZiKeCflWS99CEfv2JzX/6y697smxlzyxcVw==",
      "license": "Apache 2.0"
    },
    "node_modules/eventemitter3": {
      "version": "4.0.7",
      "resolved": "https://registry.npmjs.org/eventemitter3/-/eventemitter3-4.0.7.tgz",
      "integrity": "sha512-8guHBZCwKnFhYdHr2ysuRWErTwhoN2X8XELRlrRwpmfeY2jjuUN4taQMsULKUVo1K4DvZl+0pgfyoysHxvmvEw==",
      "dev": true,
      "license": "MIT"
    },
    "node_modules/follow-redirects": {
      "version": "1.15.11",
      "resolved": "https://registry.npmjs.org/follow-redirects/-/follow-redirects-1.15.11.tgz",
      "integrity": "sha512-deG2P0JfjrTxl50XGCDyfI97ZGVCxIpfKYmfyrQ54n5FO/0gfIES8C/Psl6kWVDolizcaaxZJnTS0QSMxvnsBQ==",
      "dev": true,
      "funding": [
        {
          "type": "individual",
          "url": "https://github.com/sponsors/RubenVerborgh"
        }
      ],
      "license": "MIT",
      "engines": {
        "node": ">=4.0"
      },
      "peerDependenciesMeta": {
        "debug": {
          "optional": true
        }
      }
    },
    "node_modules/http-proxy-node16": {
      "version": "1.0.6",
      "resolved": "https://registry.npmjs.org/http-proxy-node16/-/http-proxy-node16-1.0.6.tgz",
      "integrity": "sha512-RLtYkbmbLmh+To4lmqLpiEitu0igXb/j1SOW8F6w/esXsapGT5dSShMF9vg7shtxGJSXaWiFE3wYWCoLOuiibg==",
      "dev": true,
      "license": "MIT",
      "dependencies": {
        "eventemitter3": "^4.0.0",
        "follow-redirects": "^1.0.0",
        "requires-port": "^1.0.0"
      },
      "engines": {
        "node": ">=8.0.0"
      }
    },
    "node_modules/requires-port": {
      "version": "1.0.0",
      "resolved": "https://registry.npmjs.org/requires-port/-/requires-port-1.0.0.tgz",
      "integrity": "sha512-KigOCHcocU3XODJxsu8i/j8T9tzT4adHiecwORRQ0ZZFcp7ahwXuRU1m+yuO90C5ZUyGeGfocHDI14M3L3yDAQ==",
      "dev": true,
      "license": "MIT"
    }
  }
}
